
Microsoft Visual Studio Solution File, Format Version 12.00
# Visual Studio 15
VisualStudioVersion = 15.0.28307.1525
MinimumVisualStudioVersion = 10.0.40219.1
Project("{FAE04EC0-301F-11D3-BF4B-00C04F79EFBC}") = "PersonalTracking", "PersonalTracking\PersonalTracking.csproj", "{CF18B161-78BC-4644-9A64-68CACA493D2A}"
EndProject
Project("{FAE04EC0-301F-11D3-BF4B-00C04F79EFBC}") = "BLL", "BLL\BLL.csproj", "{116A0EDC-86D8-4130-8E35-72CF3F501C30}"
EndProject
Project("{FAE04EC0-301F-11D3-BF4B-00C04F79EFBC}") = "DAL", "DAL\DAL.csproj", "{A8C2FF8C-48AB-4CBE-88E2-811D554960F4}"
EndProject
Global
	GlobalSection(SolutionConfigurationPlatforms) = preSolution
		Debug|Any CPU = Debug|Any CPU
		Release|Any CPU = Release|Any CPU
	EndGlobalSection
	GlobalSection(ProjectConfigurationPlatforms) = postSolution
		{CF18B161-78BC-4644-9A64-68CACA493D2A}.Debug|Any CPU.ActiveCfg = Debug|Any CPU
		{CF18B161-78BC-4644-9A64-68CACA493D2A}.Debug|Any CPU.Build.0 = Debug|Any CPU
		{CF18B161-78BC-4644-9A64-68CACA493D2A}.Release|Any CPU.ActiveCfg = Release|Any CPU
		{CF18B161-78BC-4644-9A64-68CACA493D2A}.Release|Any CPU.Build.0 = Release|Any CPU
		{116A0EDC-86D8-4130-8E35-72CF3F501C30}.Debug|Any CPU.ActiveCfg = Debug|Any CPU
		{116A0EDC-86D8-4130-8E35-72CF3F501C30}.Debug|Any CPU.Build.0 = Debug|Any CPU
		{116A0EDC-86D8-4130-8E35-72CF3F501C30}.Release|Any CPU.ActiveCfg = Release|Any CPU
		{116A0EDC-86D8-4130-8E35-72CF3F501C30}.Release|Any CPU.Build.0 = Release|Any CPU
		{A8C2FF8C-48AB-4CBE-88E2-811D554960F4}.Debug|Any CPU.ActiveCfg = Debug|Any CPU
		{A8C2FF8C-48AB-4CBE-88E2-811D554960F4}.Debug|Any CPU.Build.0 = Debug|Any CPU
		{A8C2FF8C-48AB-4CBE-88E2-811D554960F4}.Release|Any CPU.ActiveCfg = Release|Any CPU
		{A8C2FF8C-48AB-4CBE-88E2-811D554960F4}.Release|Any CPU.Build.0 = Release|Any CPU
	EndGlobalSection
	GlobalSection(SolutionProperties) = preSolution
		HideSolutionNode = FALSE
	EndGlobalSection
	GlobalSection(ExtensibilityGlobals) = postSolution
		SolutionGuid = {AAACAFCB-B2BD-40D4-AE36-D1100E52FC87}
	EndGlobalSection
EndGlobal
